{
  "object": {
    "pins": [
      {
        "package": "TDLibFramework",
        "repositoryURL": "https://github.com/Swiftgram/TDLibFramework",
        "state": {
          "branch": null,
          "revision": "e9c9fe72cbebc2d3a24a9f42f84a8fc2370d293c",
          "version": "1.8.22-8951949e"
        }
      }
    ]
  },
  "version": 1
}
