{
  "object": {
    "pins": [
      {
        "package": "TDLibFramework",
        "repositoryURL": "https://github.com/Swiftgram/TDLibFramework",
        "state": {
          "branch": null,
          "revision": "68ddc0b9210456d3f63ebfb0c4ad98776cbb53e6",
          "version": "1.8.28-77b34797"
        }
      }
    ]
  },
  "version": 1
}
